PODS:
  - FJAlertController (0.1.0):
    - Masonry (~> 1.1.0)
  - Masonry (1.1.0)

DEPENDENCIES:
  - FJAlertController (from `../`)

SPEC REPOS:
  trunk:
    - Masonry

EXTERNAL SOURCES:
  FJAlertController:
    :path: "../"

SPEC CHECKSUMS:
  FJAlertController: 26f4ab3f281fa36c85251b356021ff8585867d0c
  Masonry: 678fab65091a9290e40e2832a55e7ab731aad201

PODFILE CHECKSUM: 339736bffedef204782e188fa6b2c1fb74f100d8

COCOAPODS: 1.8.4
